// !$*UTF8*$!
{
	archiveVersion = 1;
	classes = {
	};
	objectVersion = 56;
	objects = {

/* Begin PBXBuildFile section */
		8F1F09FB2CA8512700E2E7D3 /* SearchFilterView.swift in Sources */ = {isa = PBXBuildFile; fileRef = 8F1F09FA2CA8512700E2E7D3 /* SearchFilterView.swift */; };
		8F1F09FD2CA90CB400E2E7D3 /* Color+.swift in Sources */ = {isa = PBXBuildFile; fileRef = 8F1F09FC2CA90CB400E2E7D3 /* Color+.swift */; };
		8F489F442CA830C300B45EDD /* BF_TRIPApp.swift in Sources */ = {isa = PBXBuildFile; fileRef = 8F489F432CA830C300B45EDD /* BF_TRIPApp.swift */; };
		8F489F462CA830C300B45EDD /* ContentView.swift in Sources */ = {isa = PBXBuildFile; fileRef = 8F489F452CA830C300B45EDD /* ContentView.swift */; };
		8F489F482CA830C500B45EDD /* Assets.xcassets in Resources */ = {isa = PBXBuildFile; fileRef = 8F489F472CA830C500B45EDD /* Assets.xcassets */; };
		8F489F4B2CA830C500B45EDD /* Preview Assets.xcassets in Resources */ = {isa = PBXBuildFile; fileRef = 8F489F4A2CA830C500B45EDD /* Preview Assets.xcassets */; };
		8F827F742CA832A0001711DA /* BottomSheet in Frameworks */ = {isa = PBXBuildFile; productRef = 8F827F732CA832A0001711DA /* BottomSheet */; };
		8F827F762CA832EA001711DA /* BFView.swift in Sources */ = {isa = PBXBuildFile; fileRef = 8F827F752CA832E9001711DA /* BFView.swift */; };
		8F827F782CA832FA001711DA /* MapView.swift in Sources */ = {isa = PBXBuildFile; fileRef = 8F827F772CA832FA001711DA /* MapView.swift */; };
		8F827F7A2CA8330D001711DA /* SearchBar.swift in Sources */ = {isa = PBXBuildFile; fileRef = 8F827F792CA8330D001711DA /* SearchBar.swift */; };
		8F827F7C2CA83319001711DA /* MapViewModel.swift in Sources */ = {isa = PBXBuildFile; fileRef = 8F827F7B2CA83319001711DA /* MapViewModel.swift */; };
/* End PBXBuildFile section */

/* Begin PBXFileReference section */
		8F1F09FA2CA8512700E2E7D3 /* SearchFilterView.swift */ = {isa = PBXFileReference; lastKnownFileType = sourcecode.swift; path = SearchFilterView.swift; sourceTree = "<group>"; };
		8F1F09FC2CA90CB400E2E7D3 /* Color+.swift */ = {isa = PBXFileReference; lastKnownFileType = sourcecode.swift; path = "Color+.swift"; sourceTree = "<group>"; };
		8F489F402CA830C300B45EDD /* BF-TRIP.app */ = {isa = PBXFileReference; explicitFileType = wrapper.application; includeInIndex = 0; path = "BF-TRIP.app"; sourceTree = BUILT_PRODUCTS_DIR; };
		8F489F432CA830C300B45EDD /* BF_TRIPApp.swift */ = {isa = PBXFileReference; lastKnownFileType = sourcecode.swift; path = BF_TRIPApp.swift; sourceTree = "<group>"; };
		8F489F452CA830C300B45EDD /* ContentView.swift */ = {isa = PBXFileReference; lastKnownFileType = sourcecode.swift; path = ContentView.swift; sourceTree = "<group>"; };
		8F489F472CA830C500B45EDD /* Assets.xcassets */ = {isa = PBXFileReference; lastKnownFileType = folder.assetcatalog; path = Assets.xcassets; sourceTree = "<group>"; };
		8F489F4A2CA830C500B45EDD /* Preview Assets.xcassets */ = {isa = PBXFileReference; lastKnownFileType = folder.assetcatalog; path = "Preview Assets.xcassets"; sourceTree = "<group>"; };
		8F827F752CA832E9001711DA /* BFView.swift */ = {isa = PBXFileReference; lastKnownFileType = sourcecode.swift; path = BFView.swift; sourceTree = "<group>"; };
		8F827F772CA832FA001711DA /* MapView.swift */ = {isa = PBXFileReference; lastKnownFileType = sourcecode.swift; path = MapView.swift; sourceTree = "<group>"; };
		8F827F792CA8330D001711DA /* SearchBar.swift */ = {isa = PBXFileReference; lastKnownFileType = sourcecode.swift; path = SearchBar.swift; sourceTree = "<group>"; };
		8F827F7B2CA83319001711DA /* MapViewModel.swift */ = {isa = PBXFileReference; lastKnownFileType = sourcecode.swift; path = MapViewModel.swift; sourceTree = "<group>"; };
/* End PBXFileReference section */

/* Begin PBXFrameworksBuildPhase section */
		8F489F3D2CA830C300B45EDD /* Frameworks */ = {
			isa = PBXFrameworksBuildPhase;
			buildActionMask = 2147483647;
			files = (
				8F827F742CA832A0001711DA /* BottomSheet in Frameworks */,
			);
			runOnlyForDeploymentPostprocessing = 0;
		};
/* End PBXFrameworksBuildPhase section */

/* Begin PBXGroup section */
		8F489F372CA830C300B45EDD = {
			isa = PBXGroup;
			children = (
				8F489F422CA830C300B45EDD /* BF-TRIP */,
				8F489F412CA830C300B45EDD /* Products */,
			);
			sourceTree = "<group>";
		};
		8F489F412CA830C300B45EDD /* Products */ = {
			isa = PBXGroup;
			children = (
				8F489F402CA830C300B45EDD /* BF-TRIP.app */,
			);
			name = Products;
			sourceTree = "<group>";
		};
		8F489F422CA830C300B45EDD /* BF-TRIP */ = {
			isa = PBXGroup;
			children = (
				8F489F432CA830C300B45EDD /* BF_TRIPApp.swift */,
				8F489F452CA830C300B45EDD /* ContentView.swift */,
				8F827F752CA832E9001711DA /* BFView.swift */,
				8F827F772CA832FA001711DA /* MapView.swift */,
				8F827F7B2CA83319001711DA /* MapViewModel.swift */,
				8F827F792CA8330D001711DA /* SearchBar.swift */,
				8F1F09FA2CA8512700E2E7D3 /* SearchFilterView.swift */,
				8F1F09FC2CA90CB400E2E7D3 /* Color+.swift */,
				8F489F472CA830C500B45EDD /* Assets.xcassets */,
				8F489F492CA830C500B45EDD /* Preview Content */,
			);
			path = "BF-TRIP";
			sourceTree = "<group>";
		};
		8F489F492CA830C500B45EDD /* Preview Content */ = {
			isa = PBXGroup;
			children = (
				8F489F4A2CA830C500B45EDD /* Preview Assets.xcassets */,
			);
			path = "Preview Content";
			sourceTree = "<group>";
		};
/* End PBXGroup section */

/* Begin PBXNativeTarget section */
		8F489F3F2CA830C300B45EDD /* BF-TRIP */ = {
			isa = PBXNativeTarget;
			buildConfigurationList = 8F489F4E2CA830C500B45EDD /* Build configuration list for PBXNativeTarget "BF-TRIP" */;
			buildPhases = (
				8F489F3C2CA830C300B45EDD /* Sources */,
				8F489F3D2CA830C300B45EDD /* Frameworks */,
				8F489F3E2CA830C300B45EDD /* Resources */,
			);
			buildRules = (
			);
			dependencies = (
			);
			name = "BF-TRIP";
			packageProductDependencies = (
				8F827F732CA832A0001711DA /* BottomSheet */,
			);
			productName = "BF-TRIP";
			productReference = 8F489F402CA830C300B45EDD /* BF-TRIP.app */;
			productType = "com.apple.product-type.application";
		};
/* End PBXNativeTarget section */

/* Begin PBXProject section */
		8F489F382CA830C300B45EDD /* Project object */ = {
			isa = PBXProject;
			attributes = {
				BuildIndependentTargetsInParallel = 1;
				LastSwiftUpdateCheck = 1540;
				LastUpgradeCheck = 1540;
				TargetAttributes = {
					8F489F3F2CA830C300B45EDD = {
						CreatedOnToolsVersion = 15.4;
					};
				};
			};
			buildConfigurationList = 8F489F3B2CA830C300B45EDD /* Build configuration list for PBXProject "BF-TRIP" */;
			compatibilityVersion = "Xcode 14.0";
			developmentRegion = en;
			hasScannedForEncodings = 0;
			knownRegions = (
				en,
				Base,
			);
			mainGroup = 8F489F372CA830C300B45EDD;
			packageReferences = (
				8F827F722CA832A0001711DA /* XCRemoteSwiftPackageReference "BottomSheet" */,
			);
			productRefGroup = 8F489F412CA830C300B45EDD /* Products */;
			projectDirPath = "";
			projectRoot = "";
			targets = (
				8F489F3F2CA830C300B45EDD /* BF-TRIP */,
			);
		};
/* End PBXProject section */

/* Begin PBXResourcesBuildPhase section */
		8F489F3E2CA830C300B45EDD /* Resources */ = {
			isa = PBXResourcesBuildPhase;
			buildActionMask = 2147483647;
			files = (
				8F489F4B2CA830C500B45EDD /* Preview Assets.xcassets in Resources */,
				8F489F482CA830C500B45EDD /* Assets.xcassets in Resources */,
			);
			runOnlyForDeploymentPostprocessing = 0;
		};
/* End PBXResourcesBuildPhase section */

/* Begin PBXSourcesBuildPhase section */
		8F489F3C2CA830C300B45EDD /* Sources */ = {
			isa = PBXSourcesBuildPhase;
			buildActionMask = 2147483647;
			files = (
				8F1F09FB2CA8512700E2E7D3 /* SearchFilterView.swift in Sources */,
				8F1F09FD2CA90CB400E2E7D3 /* Color+.swift in Sources */,
				8F489F462CA830C300B45EDD /* ContentView.swift in Sources */,
				8F827F782CA832FA001711DA /* MapView.swift in Sources */,
				8F827F7A2CA8330D001711DA /* SearchBar.swift in Sources */,
				8F827F762CA832EA001711DA /* BFView.swift in Sources */,
				8F489F442CA830C300B45EDD /* BF_TRIPApp.swift in Sources */,
				8F827F7C2CA83319001711DA /* MapViewModel.swift in Sources */,
			);
			runOnlyForDeploymentPostprocessing = 0;
		};
/* End PBXSourcesBuildPhase section */

/* Begin XCBuildConfiguration section */
		8F489F4C2CA830C500B45EDD /* Debug */ = {
			isa = XCBuildConfiguration;
			buildSettings = {
				ALWAYS_SEARCH_USER_PATHS = NO;
				ASSETCATALOG_COMPILER_GENERATE_SWIFT_ASSET_SYMBOL_EXTENSIONS = YES;
				CLANG_ANALYZER_NONNULL = YES;
				CLANG_ANALYZER_NUMBER_OBJECT_CONVERSION = YES_AGGRESSIVE;
				CLANG_CXX_LANGUAGE_STANDARD = "gnu++20";
				CLANG_ENABLE_MODULES = YES;
				CLANG_ENABLE_OBJC_ARC = YES;
				CLANG_ENABLE_OBJC_WEAK = YES;
				CLANG_WARN_BLOCK_CAPTURE_AUTORELEASING = YES;
				CLANG_WARN_BOOL_CONVERSION = YES;
				CLANG_WARN_COMMA = YES;
				CLANG_WARN_CONSTANT_CONVERSION = YES;
				CLANG_WARN_DEPRECATED_OBJC_IMPLEMENTATIONS = YES;
				CLANG_WARN_DIRECT_OBJC_ISA_USAGE = YES_ERROR;
				CLANG_WARN_DOCUMENTATION_COMMENTS = YES;
				CLANG_WARN_EMPTY_BODY = YES;
				CLANG_WARN_ENUM_CONVERSION = YES;
				CLANG_WARN_INFINITE_RECURSION = YES;
				CLANG_WARN_INT_CONVERSION = YES;
				CLANG_WARN_NON_LITERAL_NULL_CONVERSION = YES;
				CLANG_WARN_OBJC_IMPLICIT_RETAIN_SELF = YES;
				CLANG_WARN_OBJC_LITERAL_CONVERSION = YES;
				CLANG_WARN_OBJC_ROOT_CLASS = YES_ERROR;
				CLANG_WARN_QUOTED_INCLUDE_IN_FRAMEWORK_HEADER = YES;
				CLANG_WARN_RANGE_LOOP_ANALYSIS = YES;
				CLANG_WARN_STRICT_PROTOTYPES = YES;
				CLANG_WARN_SUSPICIOUS_MOVE = YES;
				CLANG_WARN_UNGUARDED_AVAILABILITY = YES_AGGRESSIVE;
				CLANG_WARN_UNREACHABLE_CODE = YES;
				CLANG_WARN__DUPLICATE_METHOD_MATCH = YES;
				COPY_PHASE_STRIP = NO;
				DEBUG_INFORMATION_FORMAT = dwarf;
				ENABLE_STRICT_OBJC_MSGSEND = YES;
				ENABLE_TESTABILITY = YES;
				ENABLE_USER_SCRIPT_SANDBOXING = YES;
				GCC_C_LANGUAGE_STANDARD = gnu17;
				GCC_DYNAMIC_NO_PIC = NO;
				GCC_NO_COMMON_BLOCKS = YES;
				GCC_OPTIMIZATION_LEVEL = 0;
				GCC_PREPROCESSOR_DEFINITIONS = (
					"DEBUG=1",
					"$(inherited)",
				);
				GCC_WARN_64_TO_32_BIT_CONVERSION = YES;
				GCC_WARN_ABOUT_RETURN_TYPE = YES_ERROR;
				GCC_WARN_UNDECLARED_SELECTOR = YES;
				GCC_WARN_UNINITIALIZED_AUTOS = YES_AGGRESSIVE;
				GCC_WARN_UNUSED_FUNCTION = YES;
				GCC_WARN_UNUSED_VARIABLE = YES;
				IPHONEOS_DEPLOYMENT_TARGET = 17.5;
				LOCALIZATION_PREFERS_STRING_CATALOGS = YES;
				MTL_ENABLE_DEBUG_INFO = INCLUDE_SOURCE;
				MTL_FAST_MATH = YES;
				ONLY_ACTIVE_ARCH = YES;
				SDKROOT = iphoneos;
				SWIFT_ACTIVE_COMPILATION_CONDITIONS = "DEBUG $(inherited)";
				SWIFT_OPTIMIZATION_LEVEL = "-Onone";
			};
			name = Debug;
		};
		8F489F4D2CA830C500B45EDD /* Release */ = {
			isa = XCBuildConfiguration;
			buildSettings = {
				ALWAYS_SEARCH_USER_PATHS = NO;
				ASSETCATALOG_COMPILER_GENERATE_SWIFT_ASSET_SYMBOL_EXTENSIONS = YES;
				CLANG_ANALYZER_NONNULL = YES;
				CLANG_ANALYZER_NUMBER_OBJECT_CONVERSION = YES_AGGRESSIVE;
				CLANG_CXX_LANGUAGE_STANDARD = "gnu++20";
				CLANG_ENABLE_MODULES = YES;
				CLANG_ENABLE_OBJC_ARC = YES;
				CLANG_ENABLE_OBJC_WEAK = YES;
				CLANG_WARN_BLOCK_CAPTURE_AUTORELEASING = YES;
				CLANG_WARN_BOOL_CONVERSION = YES;
				CLANG_WARN_COMMA = YES;
				CLANG_WARN_CONSTANT_CONVERSION = YES;
				CLANG_WARN_DEPRECATED_OBJC_IMPLEMENTATIONS = YES;
				CLANG_WARN_DIRECT_OBJC_ISA_USAGE = YES_ERROR;
				CLANG_WARN_DOCUMENTATION_COMMENTS = YES;
				CLANG_WARN_EMPTY_BODY = YES;
				CLANG_WARN_ENUM_CONVERSION = YES;
				CLANG_WARN_INFINITE_RECURSION = YES;
				CLANG_WARN_INT_CONVERSION = YES;
				CLANG_WARN_NON_LITERAL_NULL_CONVERSION = YES;
				CLANG_WARN_OBJC_IMPLICIT_RETAIN_SELF = YES;
				CLANG_WARN_OBJC_LITERAL_CONVERSION = YES;
				CLANG_WARN_OBJC_ROOT_CLASS = YES_ERROR;
				CLANG_WARN_QUOTED_INCLUDE_IN_FRAMEWORK_HEADER = YES;
				CLANG_WARN_RANGE_LOOP_ANALYSIS = YES;
				CLANG_WARN_STRICT_PROTOTYPES = YES;
				CLANG_WARN_SUSPICIOUS_MOVE = YES;
				CLANG_WARN_UNGUARDED_AVAILABILITY = YES_AGGRESSIVE;
				CLANG_WARN_UNREACHABLE_CODE = YES;
				CLANG_WARN__DUPLICATE_METHOD_MATCH = YES;
				COPY_PHASE_STRIP = NO;
				DEBUG_INFORMATION_FORMAT = "dwarf-with-dsym";
				ENABLE_NS_ASSERTIONS = NO;
				ENABLE_STRICT_OBJC_MSGSEND = YES;
				ENABLE_USER_SCRIPT_SANDBOXING = YES;
				GCC_C_LANGUAGE_STANDARD = gnu17;
				GCC_NO_COMMON_BLOCKS = YES;
				GCC_WARN_64_TO_32_BIT_CONVERSION = YES;
				GCC_WARN_ABOUT_RETURN_TYPE = YES_ERROR;
				GCC_WARN_UNDECLARED_SELECTOR = YES;
				GCC_WARN_UNINITIALIZED_AUTOS = YES_AGGRESSIVE;
				GCC_WARN_UNUSED_FUNCTION = YES;
				GCC_WARN_UNUSED_VARIABLE = YES;
				IPHONEOS_DEPLOYMENT_TARGET = 17.5;
				LOCALIZATION_PREFERS_STRING_CATALOGS = YES;
				MTL_ENABLE_DEBUG_INFO = NO;
				MTL_FAST_MATH = YES;
				SDKROOT = iphoneos;
				SWIFT_COMPILATION_MODE = wholemodule;
				VALIDATE_PRODUCT = YES;
			};
			name = Release;
		};
		8F489F4F2CA830C500B45EDD /* Debug */ = {
			isa = XCBuildConfiguration;
			buildSettings = {
				ASSETCATALOG_COMPILER_APPICON_NAME = AppIcon;
				ASSETCATALOG_COMPILER_GLOBAL_ACCENT_COLOR_NAME = AccentColor;
				CODE_SIGN_STYLE = Automatic;
				CURRENT_PROJECT_VERSION = 1;
				DEVELOPMENT_ASSET_PATHS = "\"BF-TRIP/Preview Content\"";
				DEVELOPMENT_TEAM = GJ33M9U2S2;
				ENABLE_PREVIEWS = YES;
				GENERATE_INFOPLIST_FILE = YES;
				INFOPLIST_KEY_NSLocationWhenInUseUsageDescription = "User Location";
				INFOPLIST_KEY_UIApplicationSceneManifest_Generation = YES;
				INFOPLIST_KEY_UIApplicationSupportsIndirectInputEvents = YES;
				INFOPLIST_KEY_UILaunchScreen_Generation = YES;
				INFOPLIST_KEY_UISupportedInterfaceOrientations_iPad = "UIInterfaceOrientationPortrait UIInterfaceOrientationPortraitUpsideDown UIInterfaceOrientationLandscapeLeft UIInterfaceOrientationLandscapeRight";
				INFOPLIST_KEY_UISupportedInterfaceOrientations_iPhone = "UIInterfaceOrientationPortrait UIInterfaceOrientationLandscapeLeft UIInterfaceOrientationLandscapeRight";
				LD_RUNPATH_SEARCH_PATHS = (
					"$(inherited)",
					"@executable_path/Frameworks",
				);
				MARKETING_VERSION = 1.0;
				PRODUCT_BUNDLE_IDENTIFIER = "https---github.com-jea0716.BF-TRIP";
				PRODUCT_NAME = "$(TARGET_NAME)";
				SWIFT_EMIT_LOC_STRINGS = YES;
				SWIFT_VERSION = 5.0;
				TARGETED_DEVICE_FAMILY = "1,2";
			};
			name = Debug;
		};
		8F489F502CA830C500B45EDD /* Release */ = {
			isa = XCBuildConfiguration;
			buildSettings = {
				ASSETCATALOG_COMPILER_APPICON_NAME = AppIcon;
				ASSETCATALOG_COMPILER_GLOBAL_ACCENT_COLOR_NAME = AccentColor;
				CODE_SIGN_STYLE = Automatic;
				CURRENT_PROJECT_VERSION = 1;
				DEVELOPMENT_ASSET_PATHS = "\"BF-TRIP/Preview Content\"";
				DEVELOPMENT_TEAM = GJ33M9U2S2;
				ENABLE_PREVIEWS = YES;
				GENERATE_INFOPLIST_FILE = YES;
				INFOPLIST_KEY_NSLocationWhenInUseUsageDescription = "User Location";
				INFOPLIST_KEY_UIApplicationSceneManifest_Generation = YES;
				INFOPLIST_KEY_UIApplicationSupportsIndirectInputEvents = YES;
				INFOPLIST_KEY_UILaunchScreen_Generation = YES;
				INFOPLIST_KEY_UISupportedInterfaceOrientations_iPad = "UIInterfaceOrientationPortrait UIInterfaceOrientationPortraitUpsideDown UIInterfaceOrientationLandscapeLeft UIInterfaceOrientationLandscapeRight";
				INFOPLIST_KEY_UISupportedInterfaceOrientations_iPhone = "UIInterfaceOrientationPortrait UIInterfaceOrientationLandscapeLeft UIInterfaceOrientationLandscapeRight";
				LD_RUNPATH_SEARCH_PATHS = (
					"$(inherited)",
					"@executable_path/Frameworks",
				);
				MARKETING_VERSION = 1.0;
				PRODUCT_BUNDLE_IDENTIFIER = "https---github.com-jea0716.BF-TRIP";
				PRODUCT_NAME = "$(TARGET_NAME)";
				SWIFT_EMIT_LOC_STRINGS = YES;
				SWIFT_VERSION = 5.0;
				TARGETED_DEVICE_FAMILY = "1,2";
			};
			name = Release;
		};
/* End XCBuildConfiguration section */

/* Begin XCConfigurationList section */
		8F489F3B2CA830C300B45EDD /* Build configuration list for PBXProject "BF-TRIP" */ = {
			isa = XCConfigurationList;
			buildConfigurations = (
				8F489F4C2CA830C500B45EDD /* Debug */,
				8F489F4D2CA830C500B45EDD /* Release */,
			);
			defaultConfigurationIsVisible = 0;
			defaultConfigurationName = Release;
		};
		8F489F4E2CA830C500B45EDD /* Build configuration list for PBXNativeTarget "BF-TRIP" */ = {
			isa = XCConfigurationList;
			buildConfigurations = (
				8F489F4F2CA830C500B45EDD /* Debug */,
				8F489F502CA830C500B45EDD /* Release */,
			);
			defaultConfigurationIsVisible = 0;
			defaultConfigurationName = Release;
		};
/* End XCConfigurationList section */

/* Begin XCRemoteSwiftPackageReference section */
		8F827F722CA832A0001711DA /* XCRemoteSwiftPackageReference "BottomSheet" */ = {
			isa = XCRemoteSwiftPackageReference;
			repositoryURL = "https://github.com/lucaszischka/BottomSheet";
			requirement = {
				kind = upToNextMajorVersion;
				minimumVersion = 3.1.1;
			};
		};
/* End XCRemoteSwiftPackageReference section */

/* Begin XCSwiftPackageProductDependency section */
		8F827F732CA832A0001711DA /* BottomSheet */ = {
			isa = XCSwiftPackageProductDependency;
			package = 8F827F722CA832A0001711DA /* XCRemoteSwiftPackageReference "BottomSheet" */;
			productName = BottomSheet;
		};
/* End XCSwiftPackageProductDependency section */
	};
	rootObject = 8F489F382CA830C300B45EDD /* Project object */;
}
